
Microsoft Visual Studio Solution File, Format Version 12.00
# Visual Studio Version 17
VisualStudioVersion = 17.14.36212.18 d17.14
MinimumVisualStudioVersion = 10.0.40219.1
Project("{FAE04EC0-301F-11D3-BF4B-00C04F79EFBC}") = "Ulti", "Ulti.csproj", "{E89A7154-BF66-4296-8CCE-462A8AFF91BF}"
EndProject
Global
	GlobalSection(SolutionConfigurationPlatforms) = preSolution
		Debug|Any CPU = Debug|Any CPU
		Release|Any CPU = Release|Any CPU
	EndGlobalSection
	GlobalSection(ProjectConfigurationPlatforms) = postSolution
		{E89A7154-BF66-4296-8CCE-462A8AFF91BF}.Debug|Any CPU.ActiveCfg = Debug|Any CPU
		{E89A7154-BF66-4296-8CCE-462A8AFF91BF}.Debug|Any CPU.Build.0 = Debug|Any CPU
		{E89A7154-BF66-4296-8CCE-462A8AFF91BF}.Release|Any CPU.ActiveCfg = Release|Any CPU
		{E89A7154-BF66-4296-8CCE-462A8AFF91BF}.Release|Any CPU.Build.0 = Release|Any CPU
	EndGlobalSection
	GlobalSection(SolutionProperties) = preSolution
		HideSolutionNode = FALSE
	EndGlobalSection
	GlobalSection(ExtensibilityGlobals) = postSolution
		SolutionGuid = {A9C5642F-7ECB-4D45-AAAF-345B79EA382B}
	EndGlobalSection
EndGlobal
